Microsoft Visual Studio Solution File, Format Version 11.00
# Visual Studio 2008

Project("{40254E03-DC5A-DE63-E749-E49F1438FA3A}") = "Iron Plague prototype", "Assembly-CSharp.csproj", "{49C3A5C6-DA10-BDDC-F16F-863992AC71B4}"
EndProject
Global
	GlobalSection(SolutionConfigurationPlatforms) = preSolution
		Debug|Any CPU = Debug|Any CPU
		Release|Any CPU = Release|Any CPU
	EndGlobalSection
	GlobalSection(ProjectConfigurationPlatforms) = postSolution
		{49C3A5C6-DA10-BDDC-F16F-863992AC71B4}.Debug|Any CPU.ActiveCfg = Debug|Any CPU
		{49C3A5C6-DA10-BDDC-F16F-863992AC71B4}.Debug|Any CPU.Build.0 = Debug|Any CPU
		{49C3A5C6-DA10-BDDC-F16F-863992AC71B4}.Release|Any CPU.ActiveCfg = Release|Any CPU
		{49C3A5C6-DA10-BDDC-F16F-863992AC71B4}.Release|Any CPU.Build.0 = Release|Any CPU
	EndGlobalSection
	GlobalSection(SolutionProperties) = preSolution
		HideSolutionNode = FALSE
	EndGlobalSection
	GlobalSection(MonoDevelopProperties) = preSolution
		StartupItem = Assembly-CSharp.csproj
	EndGlobalSection
EndGlobal
