
Microsoft Visual Studio Solution File, Format Version 12.00
# Visual Studio 2015
Project("{FAE04EC0-301F-11D3-BF4B-00C04F79EFBC}") = "Iron Plague prototype.CSharp", "Iron Plague prototype.CSharp.csproj", "{CBA522BE-7FE9-79B5-2121-14EF84C0608C}"
EndProject
Global
	GlobalSection(SolutionConfigurationPlatforms) = preSolution
		Debug|Any CPU = Debug|Any CPU
		Release|Any CPU = Release|Any CPU
	EndGlobalSection
	GlobalSection(ProjectConfigurationPlatforms) = postSolution
		{CBA522BE-7FE9-79B5-2121-14EF84C0608C}.Debug|Any CPU.ActiveCfg = Debug|Any CPU
		{CBA522BE-7FE9-79B5-2121-14EF84C0608C}.Debug|Any CPU.Build.0 = Debug|Any CPU
		{CBA522BE-7FE9-79B5-2121-14EF84C0608C}.Release|Any CPU.ActiveCfg = Release|Any CPU
		{CBA522BE-7FE9-79B5-2121-14EF84C0608C}.Release|Any CPU.Build.0 = Release|Any CPU
	EndGlobalSection
	GlobalSection(SolutionProperties) = preSolution
		HideSolutionNode = FALSE
	EndGlobalSection
EndGlobal
